
Microsoft Visual Studio Solution File, Format Version 12.00
# Visual Studio 15
VisualStudioVersion = 15.0.28307.1209
MinimumVisualStudioVersion = 10.0.40219.1
Project("{FAE04EC0-301F-11D3-BF4B-00C04F79EFBC}") = "Video Rental Software", "Video Rental Software\Video Rental Software.csproj", "{140141E8-4F38-43D9-9A02-2E42042923C6}"
EndProject
Global
	GlobalSection(SolutionConfigurationPlatforms) = preSolution
		Debug|Any CPU = Debug|Any CPU
		Release|Any CPU = Release|Any CPU
	EndGlobalSection
	GlobalSection(ProjectConfigurationPlatforms) = postSolution
		{140141E8-4F38-43D9-9A02-2E42042923C6}.Debug|Any CPU.ActiveCfg = Debug|Any CPU
		{140141E8-4F38-43D9-9A02-2E42042923C6}.Debug|Any CPU.Build.0 = Debug|Any CPU
		{140141E8-4F38-43D9-9A02-2E42042923C6}.Release|Any CPU.ActiveCfg = Release|Any CPU
		{140141E8-4F38-43D9-9A02-2E42042923C6}.Release|Any CPU.Build.0 = Release|Any CPU
	EndGlobalSection
	GlobalSection(SolutionProperties) = preSolution
		HideSolutionNode = FALSE
	EndGlobalSection
	GlobalSection(ExtensibilityGlobals) = postSolution
		SolutionGuid = {BF2F5D64-7B45-45DA-9A72-DD0BDE38833B}
	EndGlobalSection
EndGlobal
